
Microsoft Visual Studio Solution File, Format Version 12.00
# Visual Studio Version 17
VisualStudioVersion = 17.9.34728.123
MinimumVisualStudioVersion = 10.0.40219.1
Project("{FAE04EC0-301F-11D3-BF4B-00C04F79EFBC}") = "WinFormsApp1", "WinFormsApp1\WinFormsApp1.csproj", "{EF05B1DF-81F0-4BD0-AF6D-CDD9147165E3}"
EndProject
Global
	GlobalSection(SolutionConfigurationPlatforms) = preSolution
		Debug|Any CPU = Debug|Any CPU
		Release|Any CPU = Release|Any CPU
	EndGlobalSection
	GlobalSection(ProjectConfigurationPlatforms) = postSolution
		{EF05B1DF-81F0-4BD0-AF6D-CDD9147165E3}.Debug|Any CPU.ActiveCfg = Debug|Any CPU
		{EF05B1DF-81F0-4BD0-AF6D-CDD9147165E3}.Debug|Any CPU.Build.0 = Debug|Any CPU
		{EF05B1DF-81F0-4BD0-AF6D-CDD9147165E3}.Release|Any CPU.ActiveCfg = Release|Any CPU
		{EF05B1DF-81F0-4BD0-AF6D-CDD9147165E3}.Release|Any CPU.Build.0 = Release|Any CPU
	EndGlobalSection
	GlobalSection(SolutionProperties) = preSolution
		HideSolutionNode = FALSE
	EndGlobalSection
	GlobalSection(ExtensibilityGlobals) = postSolution
		SolutionGuid = {F7E76F69-1D16-4D93-9453-C8252DBBEB06}
	EndGlobalSection
EndGlobal
